// !$*UTF8*$!
{
	archiveVersion = 1;
	classes = {
	};
	objectVersion = 46;
	objects = {

/* Begin PBXBuildFile section */
		680D6D1F1C87EB74001DE0B1 /* main.m in Sources */ = {isa = PBXBuildFile; fileRef = 680D6D1E1C87EB74001DE0B1 /* main.m */; };
		680D6D221C87EB74001DE0B1 /* AppDelegate.m in Sources */ = {isa = PBXBuildFile; fileRef = 680D6D211C87EB74001DE0B1 /* AppDelegate.m */; };
		680D6D251C87EB74001DE0B1 /* ViewController.m in Sources */ = {isa = PBXBuildFile; fileRef = 680D6D241C87EB74001DE0B1 /* ViewController.m */; };
		680D6D281C87EB74001DE0B1 /* Main.storyboard in Resources */ = {isa = PBXBuildFile; fileRef = 680D6D261C87EB74001DE0B1 /* Main.storyboard */; };
		680D6D2A1C87EB74001DE0B1 /* Assets.xcassets in Resources */ = {isa = PBXBuildFile; fileRef = 680D6D291C87EB74001DE0B1 /* Assets.xcassets */; };
		680D6D2D1C87EB74001DE0B1 /* LaunchScreen.storyboard in Resources */ = {isa = PBXBuildFile; fileRef = 680D6D2B1C87EB74001DE0B1 /* LaunchScreen.storyboard */; };
		680D6D381C87EB74001DE0B1 /* testCustomKeyboardTests.m in Sources */ = {isa = PBXBuildFile; fileRef = 680D6D371C87EB74001DE0B1 /* testCustomKeyboardTests.m */; };
		680D6D431C87EB74001DE0B1 /* testCustomKeyboardUITests.m in Sources */ = {isa = PBXBuildFile; fileRef = 680D6D421C87EB74001DE0B1 /* testCustomKeyboardUITests.m */; };
		680D6D581C87EC15001DE0B1 /* KeyboardViewController.m in Sources */ = {isa = PBXBuildFile; fileRef = 680D6D571C87EC15001DE0B1 /* KeyboardViewController.m */; };
		680D6D5C1C87EC15001DE0B1 /* CustomKeyboard.appex in Embed App Extensions */ = {isa = PBXBuildFile; fileRef = 680D6D541C87EC15001DE0B1 /* CustomKeyboard.appex */; settings = {ATTRIBUTES = (RemoveHeadersOnCopy, ); }; };
		6875DA901D4211C90053359D /* horizontalLayout.m in Sources */ = {isa = PBXBuildFile; fileRef = 6875DA8F1D4211C90053359D /* horizontalLayout.m */; };
		6875DA931D4229220053359D /* CollectionViewController.m in Sources */ = {isa = PBXBuildFile; fileRef = 6875DA921D4229220053359D /* CollectionViewController.m */; };
/* End PBXBuildFile section */

/* Begin PBXContainerItemProxy section */
		680D6D341C87EB74001DE0B1 /* PBXContainerItemProxy */ = {
			isa = PBXContainerItemProxy;
			containerPortal = 680D6D121C87EB74001DE0B1 /* Project object */;
			proxyType = 1;
			remoteGlobalIDString = 680D6D191C87EB74001DE0B1;
			remoteInfo = testCustomKeyboard;
		};
		680D6D3F1C87EB74001DE0B1 /* PBXContainerItemProxy */ = {
			isa = PBXContainerItemProxy;
			containerPortal = 680D6D121C87EB74001DE0B1 /* Project object */;
			proxyType = 1;
			remoteGlobalIDString = 680D6D191C87EB74001DE0B1;
			remoteInfo = testCustomKeyboard;
		};
		680D6D5A1C87EC15001DE0B1 /* PBXContainerItemProxy */ = {
			isa = PBXContainerItemProxy;
			containerPortal = 680D6D121C87EB74001DE0B1 /* Project object */;
			proxyType = 1;
			remoteGlobalIDString = 680D6D531C87EC15001DE0B1;
			remoteInfo = CustomKeyboard;
		};
/* End PBXContainerItemProxy section */

/* Begin PBXCopyFilesBuildPhase section */
		680D6D601C87EC15001DE0B1 /* Embed App Extensions */ = {
			isa = PBXCopyFilesBuildPhase;
			buildActionMask = 2147483647;
			dstPath = "";
			dstSubfolderSpec = 13;
			files = (
				680D6D5C1C87EC15001DE0B1 /* CustomKeyboard.appex in Embed App Extensions */,
			);
			name = "Embed App Extensions";
			runOnlyForDeploymentPostprocessing = 0;
		};
/* End PBXCopyFilesBuildPhase section */

/* Begin PBXFileReference section */
		680D6D1A1C87EB74001DE0B1 /* testCustomKeyboard.app */ = {isa = PBXFileReference; explicitFileType = wrapper.application; includeInIndex = 0; path = testCustomKeyboard.app; sourceTree = BUILT_PRODUCTS_DIR; };
		680D6D1E1C87EB74001DE0B1 /* main.m */ = {isa = PBXFileReference; lastKnownFileType = sourcecode.c.objc; path = main.m; sourceTree = "<group>"; };
		680D6D201C87EB74001DE0B1 /* AppDelegate.h */ = {isa = PBXFileReference; lastKnownFileType = sourcecode.c.h; path = AppDelegate.h; sourceTree = "<group>"; };
		680D6D211C87EB74001DE0B1 /* AppDelegate.m */ = {isa = PBXFileReference; lastKnownFileType = sourcecode.c.objc; path = AppDelegate.m; sourceTree = "<group>"; };
		680D6D231C87EB74001DE0B1 /* ViewController.h */ = {isa = PBXFileReference; lastKnownFileType = sourcecode.c.h; path = ViewController.h; sourceTree = "<group>"; };
		680D6D241C87EB74001DE0B1 /* ViewController.m */ = {isa = PBXFileReference; lastKnownFileType = sourcecode.c.objc; path = ViewController.m; sourceTree = "<group>"; };
		680D6D271C87EB74001DE0B1 /* Base */ = {isa = PBXFileReference; lastKnownFileType = file.storyboard; name = Base; path = Base.lproj/Main.storyboard; sourceTree = "<group>"; };
		680D6D291C87EB74001DE0B1 /* Assets.xcassets */ = {isa = PBXFileReference; lastKnownFileType = folder.assetcatalog; path = Assets.xcassets; sourceTree = "<group>"; };
		680D6D2C1C87EB74001DE0B1 /* Base */ = {isa = PBXFileReference; lastKnownFileType = file.storyboard; name = Base; path = Base.lproj/LaunchScreen.storyboard; sourceTree = "<group>"; };
		680D6D2E1C87EB74001DE0B1 /* Info.plist */ = {isa = PBXFileReference; lastKnownFileType = text.plist.xml; path = Info.plist; sourceTree = "<group>"; };
		680D6D331C87EB74001DE0B1 /* testCustomKeyboardTests.xctest */ = {isa = PBXFileReference; explicitFileType = wrapper.cfbundle; includeInIndex = 0; path = testCustomKeyboardTests.xctest; sourceTree = BUILT_PRODUCTS_DIR; };
		680D6D371C87EB74001DE0B1 /* testCustomKeyboardTests.m */ = {isa = PBXFileReference; lastKnownFileType = sourcecode.c.objc; path = testCustomKeyboardTests.m; sourceTree = "<group>"; };
		680D6D391C87EB74001DE0B1 /* Info.plist */ = {isa = PBXFileReference; lastKnownFileType = text.plist.xml; path = Info.plist; sourceTree = "<group>"; };
		680D6D3E1C87EB74001DE0B1 /* testCustomKeyboardUITests.xctest */ = {isa = PBXFileReference; explicitFileType = wrapper.cfbundle; includeInIndex = 0; path = testCustomKeyboardUITests.xctest; sourceTree = BUILT_PRODUCTS_DIR; };
		680D6D421C87EB74001DE0B1 /* testCustomKeyboardUITests.m */ = {isa = PBXFileReference; lastKnownFileType = sourcecode.c.objc; path = testCustomKeyboardUITests.m; sourceTree = "<group>"; };
		680D6D441C87EB74001DE0B1 /* Info.plist */ = {isa = PBXFileReference; lastKnownFileType = text.plist.xml; path = Info.plist; sourceTree = "<group>"; };
		680D6D541C87EC15001DE0B1 /* CustomKeyboard.appex */ = {isa = PBXFileReference; explicitFileType = "wrapper.app-extension"; includeInIndex = 0; path = CustomKeyboard.appex; sourceTree = BUILT_PRODUCTS_DIR; };
		680D6D561C87EC15001DE0B1 /* KeyboardViewController.h */ = {isa = PBXFileReference; lastKnownFileType = sourcecode.c.h; path = KeyboardViewController.h; sourceTree = "<group>"; };
		680D6D571C87EC15001DE0B1 /* KeyboardViewController.m */ = {isa = PBXFileReference; lastKnownFileType = sourcecode.c.objc; path = KeyboardViewController.m; sourceTree = "<group>"; };
		680D6D591C87EC15001DE0B1 /* Info.plist */ = {isa = PBXFileReference; lastKnownFileType = text.plist.xml; path = Info.plist; sourceTree = "<group>"; };
		6875DA8E1D4211C90053359D /* horizontalLayout.h */ = {isa = PBXFileReference; fileEncoding = 4; lastKnownFileType = sourcecode.c.h; path = horizontalLayout.h; sourceTree = "<group>"; };
		6875DA8F1D4211C90053359D /* horizontalLayout.m */ = {isa = PBXFileReference; fileEncoding = 4; lastKnownFileType = sourcecode.c.objc; path = horizontalLayout.m; sourceTree = "<group>"; };
		6875DA911D4229220053359D /* CollectionViewController.h */ = {isa = PBXFileReference; fileEncoding = 4; lastKnownFileType = sourcecode.c.h; path = CollectionViewController.h; sourceTree = "<group>"; };
		6875DA921D4229220053359D /* CollectionViewController.m */ = {isa = PBXFileReference; fileEncoding = 4; lastKnownFileType = sourcecode.c.objc; path = CollectionViewController.m; sourceTree = "<group>"; };
/* End PBXFileReference section */

/* Begin PBXFrameworksBuildPhase section */
		680D6D171C87EB74001DE0B1 /* Frameworks */ = {
			isa = PBXFrameworksBuildPhase;
			buildActionMask = 2147483647;
			files = (
			);
			runOnlyForDeploymentPostprocessing = 0;
		};
		680D6D301C87EB74001DE0B1 /* Frameworks */ = {
			isa = PBXFrameworksBuildPhase;
			buildActionMask = 2147483647;
			files = (
			);
			runOnlyForDeploymentPostprocessing = 0;
		};
		680D6D3B1C87EB74001DE0B1 /* Frameworks */ = {
			isa = PBXFrameworksBuildPhase;
			buildActionMask = 2147483647;
			files = (
			);
			runOnlyForDeploymentPostprocessing = 0;
		};
		680D6D511C87EC15001DE0B1 /* Frameworks */ = {
			isa = PBXFrameworksBuildPhase;
			buildActionMask = 2147483647;
			files = (
			);
			runOnlyForDeploymentPostprocessing = 0;
		};
/* End PBXFrameworksBuildPhase section */

/* Begin PBXGroup section */
		680D6D111C87EB74001DE0B1 = {
			isa = PBXGroup;
			children = (
				680D6D1C1C87EB74001DE0B1 /* testCustomKeyboard */,
				680D6D361C87EB74001DE0B1 /* testCustomKeyboardTests */,
				680D6D411C87EB74001DE0B1 /* testCustomKeyboardUITests */,
				680D6D551C87EC15001DE0B1 /* CustomKeyboard */,
				680D6D1B1C87EB74001DE0B1 /* Products */,
			);
			sourceTree = "<group>";
		};
		680D6D1B1C87EB74001DE0B1 /* Products */ = {
			isa = PBXGroup;
			children = (
				680D6D1A1C87EB74001DE0B1 /* testCustomKeyboard.app */,
				680D6D331C87EB74001DE0B1 /* testCustomKeyboardTests.xctest */,
				680D6D3E1C87EB74001DE0B1 /* testCustomKeyboardUITests.xctest */,
				680D6D541C87EC15001DE0B1 /* CustomKeyboard.appex */,
			);
			name = Products;
			sourceTree = "<group>";
		};
		680D6D1C1C87EB74001DE0B1 /* testCustomKeyboard */ = {
			isa = PBXGroup;
			children = (
				680D6D201C87EB74001DE0B1 /* AppDelegate.h */,
				680D6D211C87EB74001DE0B1 /* AppDelegate.m */,
				680D6D231C87EB74001DE0B1 /* ViewController.h */,
				680D6D241C87EB74001DE0B1 /* ViewController.m */,
				6875DA911D4229220053359D /* CollectionViewController.h */,
				6875DA921D4229220053359D /* CollectionViewController.m */,
				6875DA8E1D4211C90053359D /* horizontalLayout.h */,
				6875DA8F1D4211C90053359D /* horizontalLayout.m */,
				680D6D261C87EB74001DE0B1 /* Main.storyboard */,
				680D6D291C87EB74001DE0B1 /* Assets.xcassets */,
				680D6D2B1C87EB74001DE0B1 /* LaunchScreen.storyboard */,
				680D6D2E1C87EB74001DE0B1 /* Info.plist */,
				680D6D1D1C87EB74001DE0B1 /* Supporting Files */,
			);
			path = testCustomKeyboard;
			sourceTree = "<group>";
		};
		680D6D1D1C87EB74001DE0B1 /* Supporting Files */ = {
			isa = PBXGroup;
			children = (
				680D6D1E1C87EB74001DE0B1 /* main.m */,
			);
			name = "Supporting Files";
			sourceTree = "<group>";
		};
		680D6D361C87EB74001DE0B1 /* testCustomKeyboardTests */ = {
			isa = PBXGroup;
			children = (
				680D6D371C87EB74001DE0B1 /* testCustomKeyboardTests.m */,
				680D6D391C87EB74001DE0B1 /* Info.plist */,
			);
			path = testCustomKeyboardTests;
			sourceTree = "<group>";
		};
		680D6D411C87EB74001DE0B1 /* testCustomKeyboardUITests */ = {
			isa = PBXGroup;
			children = (
				680D6D421C87EB74001DE0B1 /* testCustomKeyboardUITests.m */,
				680D6D441C87EB74001DE0B1 /* Info.plist */,
			);
			path = testCustomKeyboardUITests;
			sourceTree = "<group>";
		};
		680D6D551C87EC15001DE0B1 /* CustomKeyboard */ = {
			isa = PBXGroup;
			children = (
				680D6D561C87EC15001DE0B1 /* KeyboardViewController.h */,
				680D6D571C87EC15001DE0B1 /* KeyboardViewController.m */,
				680D6D591C87EC15001DE0B1 /* Info.plist */,
			);
			path = CustomKeyboard;
			sourceTree = "<group>";
		};
/* End PBXGroup section */

/* Begin PBXNativeTarget section */
		680D6D191C87EB74001DE0B1 /* testCustomKeyboard */ = {
			isa = PBXNativeTarget;
			buildConfigurationList = 680D6D471C87EB74001DE0B1 /* Build configuration list for PBXNativeTarget "testCustomKeyboard" */;
			buildPhases = (
				680D6D161C87EB74001DE0B1 /* Sources */,
				680D6D171C87EB74001DE0B1 /* Frameworks */,
				680D6D181C87EB74001DE0B1 /* Resources */,
				680D6D601C87EC15001DE0B1 /* Embed App Extensions */,
			);
			buildRules = (
			);
			dependencies = (
				680D6D5B1C87EC15001DE0B1 /* PBXTargetDependency */,
			);
			name = testCustomKeyboard;
			productName = testCustomKeyboard;
			productReference = 680D6D1A1C87EB74001DE0B1 /* testCustomKeyboard.app */;
			productType = "com.apple.product-type.application";
		};
		680D6D321C87EB74001DE0B1 /* testCustomKeyboardTests */ = {
			isa = PBXNativeTarget;
			buildConfigurationList = 680D6D4A1C87EB74001DE0B1 /* Build configuration list for PBXNativeTarget "testCustomKeyboardTests" */;
			buildPhases = (
				680D6D2F1C87EB74001DE0B1 /* Sources */,
				680D6D301C87EB74001DE0B1 /* Frameworks */,
				680D6D311C87EB74001DE0B1 /* Resources */,
			);
			buildRules = (
			);
			dependencies = (
				680D6D351C87EB74001DE0B1 /* PBXTargetDependency */,
			);
			name = testCustomKeyboardTests;
			productName = testCustomKeyboardTests;
			productReference = 680D6D331C87EB74001DE0B1 /* testCustomKeyboardTests.xctest */;
			productType = "com.apple.product-type.bundle.unit-test";
		};
		680D6D3D1C87EB74001DE0B1 /* testCustomKeyboardUITests */ = {
			isa = PBXNativeTarget;
			buildConfigurationList = 680D6D4D1C87EB74001DE0B1 /* Build configuration list for PBXNativeTarget "testCustomKeyboardUITests" */;
			buildPhases = (
				680D6D3A1C87EB74001DE0B1 /* Sources */,
				680D6D3B1C87EB74001DE0B1 /* Frameworks */,
				680D6D3C1C87EB74001DE0B1 /* Resources */,
			);
			buildRules = (
			);
			dependencies = (
				680D6D401C87EB74001DE0B1 /* PBXTargetDependency */,
			);
			name = testCustomKeyboardUITests;
			productName = testCustomKeyboardUITests;
			productReference = 680D6D3E1C87EB74001DE0B1 /* testCustomKeyboardUITests.xctest */;
			productType = "com.apple.product-type.bundle.ui-testing";
		};
		680D6D531C87EC15001DE0B1 /* CustomKeyboard */ = {
			isa = PBXNativeTarget;
			buildConfigurationList = 680D6D5D1C87EC15001DE0B1 /* Build configuration list for PBXNativeTarget "CustomKeyboard" */;
			buildPhases = (
				680D6D501C87EC15001DE0B1 /* Sources */,
				680D6D511C87EC15001DE0B1 /* Frameworks */,
				680D6D521C87EC15001DE0B1 /* Resources */,
			);
			buildRules = (
			);
			dependencies = (
			);
			name = CustomKeyboard;
			productName = CustomKeyboard;
			productReference = 680D6D541C87EC15001DE0B1 /* CustomKeyboard.appex */;
			productType = "com.apple.product-type.app-extension";
		};
/* End PBXNativeTarget section */

/* Begin PBXProject section */
		680D6D121C87EB74001DE0B1 /* Project object */ = {
			isa = PBXProject;
			attributes = {
				LastUpgradeCheck = 0720;
				ORGANIZATIONNAME = "Ye Jin";
				TargetAttributes = {
					680D6D191C87EB74001DE0B1 = {
						CreatedOnToolsVersion = 7.2.1;
						SystemCapabilities = {
							com.apple.BackgroundModes = {
								enabled = 0;
							};
						};
					};
					680D6D321C87EB74001DE0B1 = {
						CreatedOnToolsVersion = 7.2.1;
						TestTargetID = 680D6D191C87EB74001DE0B1;
					};
					680D6D3D1C87EB74001DE0B1 = {
						CreatedOnToolsVersion = 7.2.1;
						TestTargetID = 680D6D191C87EB74001DE0B1;
					};
					680D6D531C87EC15001DE0B1 = {
						CreatedOnToolsVersion = 7.2.1;
					};
				};
			};
			buildConfigurationList = 680D6D151C87EB74001DE0B1 /* Build configuration list for PBXProject "testCustomKeyboard" */;
			compatibilityVersion = "Xcode 3.2";
			developmentRegion = English;
			hasScannedForEncodings = 0;
			knownRegions = (
				en,
				Base,
			);
			mainGroup = 680D6D111C87EB74001DE0B1;
			productRefGroup = 680D6D1B1C87EB74001DE0B1 /* Products */;
			projectDirPath = "";
			projectRoot = "";
			targets = (
				680D6D191C87EB74001DE0B1 /* testCustomKeyboard */,
				680D6D321C87EB74001DE0B1 /* testCustomKeyboardTests */,
				680D6D3D1C87EB74001DE0B1 /* testCustomKeyboardUITests */,
				680D6D531C87EC15001DE0B1 /* CustomKeyboard */,
			);
		};
/* End PBXProject section */

/* Begin PBXResourcesBuildPhase section */
		680D6D181C87EB74001DE0B1 /* Resources */ = {
			isa = PBXResourcesBuildPhase;
			buildActionMask = 2147483647;
			files = (
				680D6D2D1C87EB74001DE0B1 /* LaunchScreen.storyboard in Resources */,
				680D6D2A1C87EB74001DE0B1 /* Assets.xcassets in Resources */,
				680D6D281C87EB74001DE0B1 /* Main.storyboard in Resources */,
			);
			runOnlyForDeploymentPostprocessing = 0;
		};
		680D6D311C87EB74001DE0B1 /* Resources */ = {
			isa = PBXResourcesBuildPhase;
			buildActionMask = 2147483647;
			files = (
			);
			runOnlyForDeploymentPostprocessing = 0;
		};
		680D6D3C1C87EB74001DE0B1 /* Resources */ = {
			isa = PBXResourcesBuildPhase;
			buildActionMask = 2147483647;
			files = (
			);
			runOnlyForDeploymentPostprocessing = 0;
		};
		680D6D521C87EC15001DE0B1 /* Resources */ = {
			isa = PBXResourcesBuildPhase;
			buildActionMask = 2147483647;
			files = (
			);
			runOnlyForDeploymentPostprocessing = 0;
		};
/* End PBXResourcesBuildPhase section */

/* Begin PBXSourcesBuildPhase section */
		680D6D161C87EB74001DE0B1 /* Sources */ = {
			isa = PBXSourcesBuildPhase;
			buildActionMask = 2147483647;
			files = (
				680D6D251C87EB74001DE0B1 /* ViewController.m in Sources */,
				6875DA931D4229220053359D /* CollectionViewController.m in Sources */,
				680D6D221C87EB74001DE0B1 /* AppDelegate.m in Sources */,
				680D6D1F1C87EB74001DE0B1 /* main.m in Sources */,
				6875DA901D4211C90053359D /* horizontalLayout.m in Sources */,
			);
			runOnlyForDeploymentPostprocessing = 0;
		};
		680D6D2F1C87EB74001DE0B1 /* Sources */ = {
			isa = PBXSourcesBuildPhase;
			buildActionMask = 2147483647;
			files = (
				680D6D381C87EB74001DE0B1 /* testCustomKeyboardTests.m in Sources */,
			);
			runOnlyForDeploymentPostprocessing = 0;
		};
		680D6D3A1C87EB74001DE0B1 /* Sources */ = {
			isa = PBXSourcesBuildPhase;
			buildActionMask = 2147483647;
			files = (
				680D6D431C87EB74001DE0B1 /* testCustomKeyboardUITests.m in Sources */,
			);
			runOnlyForDeploymentPostprocessing = 0;
		};
		680D6D501C87EC15001DE0B1 /* Sources */ = {
			isa = PBXSourcesBuildPhase;
			buildActionMask = 2147483647;
			files = (
				680D6D581C87EC15001DE0B1 /* KeyboardViewController.m in Sources */,
			);
			runOnlyForDeploymentPostprocessing = 0;
		};
/* End PBXSourcesBuildPhase section */

/* Begin PBXTargetDependency section */
		680D6D351C87EB74001DE0B1 /* PBXTargetDependency */ = {
			isa = PBXTargetDependency;
			target = 680D6D191C87EB74001DE0B1 /* testCustomKeyboard */;
			targetProxy = 680D6D341C87EB74001DE0B1 /* PBXContainerItemProxy */;
		};
		680D6D401C87EB74001DE0B1 /* PBXTargetDependency */ = {
			isa = PBXTargetDependency;
			target = 680D6D191C87EB74001DE0B1 /* testCustomKeyboard */;
			targetProxy = 680D6D3F1C87EB74001DE0B1 /* PBXContainerItemProxy */;
		};
		680D6D5B1C87EC15001DE0B1 /* PBXTargetDependency */ = {
			isa = PBXTargetDependency;
			target = 680D6D531C87EC15001DE0B1 /* CustomKeyboard */;
			targetProxy = 680D6D5A1C87EC15001DE0B1 /* PBXContainerItemProxy */;
		};
/* End PBXTargetDependency section */

/* Begin PBXVariantGroup section */
		680D6D261C87EB74001DE0B1 /* Main.storyboard */ = {
			isa = PBXVariantGroup;
			children = (
				680D6D271C87EB74001DE0B1 /* Base */,
			);
			name = Main.storyboard;
			sourceTree = "<group>";
		};
		680D6D2B1C87EB74001DE0B1 /* LaunchScreen.storyboard */ = {
			isa = PBXVariantGroup;
			children = (
				680D6D2C1C87EB74001DE0B1 /* Base */,
			);
			name = LaunchScreen.storyboard;
			sourceTree = "<group>";
		};
/* End PBXVariantGroup section */

/* Begin XCBuildConfiguration section */
		680D6D451C87EB74001DE0B1 /* Debug */ = {
			isa = XCBuildConfiguration;
			buildSettings = {
				ALWAYS_SEARCH_USER_PATHS = NO;
				CLANG_CXX_LANGUAGE_STANDARD = "gnu++0x";
				CLANG_CXX_LIBRARY = "libc++";
				CLANG_ENABLE_MODULES = YES;
				CLANG_ENABLE_OBJC_ARC = YES;
				CLANG_WARN_BOOL_CONVERSION = YES;
				CLANG_WARN_CONSTANT_CONVERSION = YES;
				CLANG_WARN_DIRECT_OBJC_ISA_USAGE = YES_ERROR;
				CLANG_WARN_EMPTY_BODY = YES;
				CLANG_WARN_ENUM_CONVERSION = YES;
				CLANG_WARN_INT_CONVERSION = YES;
				CLANG_WARN_OBJC_ROOT_CLASS = YES_ERROR;
				CLANG_WARN_UNREACHABLE_CODE = YES;
				CLANG_WARN__DUPLICATE_METHOD_MATCH = YES;
				"CODE_SIGN_IDENTITY[sdk=iphoneos*]" = "iPhone Developer";
				COPY_PHASE_STRIP = NO;
				DEBUG_INFORMATION_FORMAT = dwarf;
				ENABLE_STRICT_OBJC_MSGSEND = YES;
				ENABLE_TESTABILITY = YES;
				GCC_C_LANGUAGE_STANDARD = gnu99;
				GCC_DYNAMIC_NO_PIC = NO;
				GCC_NO_COMMON_BLOCKS = YES;
				GCC_OPTIMIZATION_LEVEL = 0;
				GCC_PREPROCESSOR_DEFINITIONS = (
					"DEBUG=1",
					"$(inherited)",
				);
				GCC_WARN_64_TO_32_BIT_CONVERSION = YES;
				GCC_WARN_ABOUT_RETURN_TYPE = YES_ERROR;
				GCC_WARN_UNDECLARED_SELECTOR = YES;
				GCC_WARN_UNINITIALIZED_AUTOS = YES_AGGRESSIVE;
				GCC_WARN_UNUSED_FUNCTION = YES;
				GCC_WARN_UNUSED_VARIABLE = YES;
				IPHONEOS_DEPLOYMENT_TARGET = 9.2;
				MTL_ENABLE_DEBUG_INFO = YES;
				ONLY_ACTIVE_ARCH = YES;
				SDKROOT = iphoneos;
			};
			name = Debug;
		};
		680D6D461C87EB74001DE0B1 /* Release */ = {
			isa = XCBuildConfiguration;
			buildSettings = {
				ALWAYS_SEARCH_USER_PATHS = NO;
				CLANG_CXX_LANGUAGE_STANDARD = "gnu++0x";
				CLANG_CXX_LIBRARY = "libc++";
				CLANG_ENABLE_MODULES = YES;
				CLANG_ENABLE_OBJC_ARC = YES;
				CLANG_WARN_BOOL_CONVERSION = YES;
				CLANG_WARN_CONSTANT_CONVERSION = YES;
				CLANG_WARN_DIRECT_OBJC_ISA_USAGE = YES_ERROR;
				CLANG_WARN_EMPTY_BODY = YES;
				CLANG_WARN_ENUM_CONVERSION = YES;
				CLANG_WARN_INT_CONVERSION = YES;
				CLANG_WARN_OBJC_ROOT_CLASS = YES_ERROR;
				CLANG_WARN_UNREACHABLE_CODE = YES;
				CLANG_WARN__DUPLICATE_METHOD_MATCH = YES;
				"CODE_SIGN_IDENTITY[sdk=iphoneos*]" = "iPhone Developer";
				COPY_PHASE_STRIP = NO;
				DEBUG_INFORMATION_FORMAT = "dwarf-with-dsym";
				ENABLE_NS_ASSERTIONS = NO;
				ENABLE_STRICT_OBJC_MSGSEND = YES;
				GCC_C_LANGUAGE_STANDARD = gnu99;
				GCC_NO_COMMON_BLOCKS = YES;
				GCC_WARN_64_TO_32_BIT_CONVERSION = YES;
				GCC_WARN_ABOUT_RETURN_TYPE = YES_ERROR;
				GCC_WARN_UNDECLARED_SELECTOR = YES;
				GCC_WARN_UNINITIALIZED_AUTOS = YES_AGGRESSIVE;
				GCC_WARN_UNUSED_FUNCTION = YES;
				GCC_WARN_UNUSED_VARIABLE = YES;
				IPHONEOS_DEPLOYMENT_TARGET = 9.2;
				MTL_ENABLE_DEBUG_INFO = NO;
				SDKROOT = iphoneos;
				VALIDATE_PRODUCT = YES;
			};
			name = Release;
		};
		680D6D481C87EB74001DE0B1 /* Debug */ = {
			isa = XCBuildConfiguration;
			buildSettings = {
				ASSETCATALOG_COMPILER_APPICON_NAME = AppIcon;
				INFOPLIST_FILE = testCustomKeyboard/Info.plist;
				LD_RUNPATH_SEARCH_PATHS = "$(inherited) @executable_path/Frameworks";
				PRODUCT_BUNDLE_IDENTIFIER = com.YJ.testCustomKeyboard;
				PRODUCT_NAME = "$(TARGET_NAME)";
			};
			name = Debug;
		};
		680D6D491C87EB74001DE0B1 /* Release */ = {
			isa = XCBuildConfiguration;
			buildSettings = {
				ASSETCATALOG_COMPILER_APPICON_NAME = AppIcon;
				INFOPLIST_FILE = testCustomKeyboard/Info.plist;
				LD_RUNPATH_SEARCH_PATHS = "$(inherited) @executable_path/Frameworks";
				PRODUCT_BUNDLE_IDENTIFIER = com.YJ.testCustomKeyboard;
				PRODUCT_NAME = "$(TARGET_NAME)";
			};
			name = Release;
		};
		680D6D4B1C87EB74001DE0B1 /* Debug */ = {
			isa = XCBuildConfiguration;
			buildSettings = {
				BUNDLE_LOADER = "$(TEST_HOST)";
				INFOPLIST_FILE = testCustomKeyboardTests/Info.plist;
				LD_RUNPATH_SEARCH_PATHS = "$(inherited) @executable_path/Frameworks @loader_path/Frameworks";
				PRODUCT_BUNDLE_IDENTIFIER = com.YJ.testCustomKeyboardTests;
				PRODUCT_NAME = "$(TARGET_NAME)";
				TEST_HOST = "$(BUILT_PRODUCTS_DIR)/testCustomKeyboard.app/testCustomKeyboard";
			};
			name = Debug;
		};
		680D6D4C1C87EB74001DE0B1 /* Release */ = {
			isa = XCBuildConfiguration;
			buildSettings = {
				BUNDLE_LOADER = "$(TEST_HOST)";
				INFOPLIST_FILE = testCustomKeyboardTests/Info.plist;
				LD_RUNPATH_SEARCH_PATHS = "$(inherited) @executable_path/Frameworks @loader_path/Frameworks";
				PRODUCT_BUNDLE_IDENTIFIER = com.YJ.testCustomKeyboardTests;
				PRODUCT_NAME = "$(TARGET_NAME)";
				TEST_HOST = "$(BUILT_PRODUCTS_DIR)/testCustomKeyboard.app/testCustomKeyboard";
			};
			name = Release;
		};
		680D6D4E1C87EB74001DE0B1 /* Debug */ = {
			isa = XCBuildConfiguration;
			buildSettings = {
				INFOPLIST_FILE = testCustomKeyboardUITests/Info.plist;
				LD_RUNPATH_SEARCH_PATHS = "$(inherited) @executable_path/Frameworks @loader_path/Frameworks";
				PRODUCT_BUNDLE_IDENTIFIER = com.YJ.testCustomKeyboardUITests;
				PRODUCT_NAME = "$(TARGET_NAME)";
				TEST_TARGET_NAME = testCustomKeyboard;
				USES_XCTRUNNER = YES;
			};
			name = Debug;
		};
		680D6D4F1C87EB74001DE0B1 /* Release */ = {
			isa = XCBuildConfiguration;
			buildSettings = {
				INFOPLIST_FILE = testCustomKeyboardUITests/Info.plist;
				LD_RUNPATH_SEARCH_PATHS = "$(inherited) @executable_path/Frameworks @loader_path/Frameworks";
				PRODUCT_BUNDLE_IDENTIFIER = com.YJ.testCustomKeyboardUITests;
				PRODUCT_NAME = "$(TARGET_NAME)";
				TEST_TARGET_NAME = testCustomKeyboard;
				USES_XCTRUNNER = YES;
			};
			name = Release;
		};
		680D6D5E1C87EC15001DE0B1 /* Debug */ = {
			isa = XCBuildConfiguration;
			buildSettings = {
				INFOPLIST_FILE = CustomKeyboard/Info.plist;
				LD_RUNPATH_SEARCH_PATHS = "$(inherited) @executable_path/Frameworks @executable_path/../../Frameworks";
				PRODUCT_BUNDLE_IDENTIFIER = com.YJ.testCustomKeyboard.CustomKeyboard;
				PRODUCT_NAME = "$(TARGET_NAME)";
				SKIP_INSTALL = YES;
			};
			name = Debug;
		};
		680D6D5F1C87EC15001DE0B1 /* Release */ = {
			isa = XCBuildConfiguration;
			buildSettings = {
				INFOPLIST_FILE = CustomKeyboard/Info.plist;
				LD_RUNPATH_SEARCH_PATHS = "$(inherited) @executable_path/Frameworks @executable_path/../../Frameworks";
				PRODUCT_BUNDLE_IDENTIFIER = com.YJ.testCustomKeyboard.CustomKeyboard;
				PRODUCT_NAME = "$(TARGET_NAME)";
				SKIP_INSTALL = YES;
			};
			name = Release;
		};
/* End XCBuildConfiguration section */

/* Begin XCConfigurationList section */
		680D6D151C87EB74001DE0B1 /* Build configuration list for PBXProject "testCustomKeyboard" */ = {
			isa = XCConfigurationList;
			buildConfigurations = (
				680D6D451C87EB74001DE0B1 /* Debug */,
				680D6D461C87EB74001DE0B1 /* Release */,
			);
			defaultConfigurationIsVisible = 0;
			defaultConfigurationName = Release;
		};
		680D6D471C87EB74001DE0B1 /* Build configuration list for PBXNativeTarget "testCustomKeyboard" */ = {
			isa = XCConfigurationList;
			buildConfigurations = (
				680D6D481C87EB74001DE0B1 /* Debug */,
				680D6D491C87EB74001DE0B1 /* Release */,
			);
			defaultConfigurationIsVisible = 0;
			defaultConfigurationName = Release;
		};
		680D6D4A1C87EB74001DE0B1 /* Build configuration list for PBXNativeTarget "testCustomKeyboardTests" */ = {
			isa = XCConfigurationList;
			buildConfigurations = (
				680D6D4B1C87EB74001DE0B1 /* Debug */,
				680D6D4C1C87EB74001DE0B1 /* Release */,
			);
			defaultConfigurationIsVisible = 0;
			defaultConfigurationName = Release;
		};
		680D6D4D1C87EB74001DE0B1 /* Build configuration list for PBXNativeTarget "testCustomKeyboardUITests" */ = {
			isa = XCConfigurationList;
			buildConfigurations = (
				680D6D4E1C87EB74001DE0B1 /* Debug */,
				680D6D4F1C87EB74001DE0B1 /* Release */,
			);
			defaultConfigurationIsVisible = 0;
			defaultConfigurationName = Release;
		};
		680D6D5D1C87EC15001DE0B1 /* Build configuration list for PBXNativeTarget "CustomKeyboard" */ = {
			isa = XCConfigurationList;
			buildConfigurations = (
				680D6D5E1C87EC15001DE0B1 /* Debug */,
				680D6D5F1C87EC15001DE0B1 /* Release */,
			);
			defaultConfigurationIsVisible = 0;
			defaultConfigurationName = Release;
		};
/* End XCConfigurationList section */
	};
	rootObject = 680D6D121C87EB74001DE0B1 /* Project object */;
}
